// !$*UTF8*$!
{
	archiveVersion = 1;
	classes = {
	};
	objectVersion = 56;
	objects = {

/* Begin PBXBuildFile section */
		864666FC2B5E609E0079C474 /* AppDelegate.swift in Sources */ = {isa = PBXBuildFile; fileRef = 864666FB2B5E609E0079C474 /* AppDelegate.swift */; };
		864666FE2B5E609E0079C474 /* SceneDelegate.swift in Sources */ = {isa = PBXBuildFile; fileRef = 864666FD2B5E609E0079C474 /* SceneDelegate.swift */; };
		864667002B5E609E0079C474 /* CalculateViewController.swift in Sources */ = {isa = PBXBuildFile; fileRef = 864666FF2B5E609E0079C474 /* CalculateViewController.swift */; };
		864667032B5E609E0079C474 /* Main.storyboard in Resources */ = {isa = PBXBuildFile; fileRef = 864667012B5E609E0079C474 /* Main.storyboard */; };
		864667052B5E60A10079C474 /* Assets.xcassets in Resources */ = {isa = PBXBuildFile; fileRef = 864667042B5E60A10079C474 /* Assets.xcassets */; };
		864667082B5E60A10079C474 /* LaunchScreen.storyboard in Resources */ = {isa = PBXBuildFile; fileRef = 864667062B5E60A10079C474 /* LaunchScreen.storyboard */; };
		86EB935B2B5E710A009787C6 /* ResultViewController.swift in Sources */ = {isa = PBXBuildFile; fileRef = 86EB935A2B5E710A009787C6 /* ResultViewController.swift */; };
		86EB935D2B5E8380009787C6 /* BillModel.swift in Sources */ = {isa = PBXBuildFile; fileRef = 86EB935C2B5E8380009787C6 /* BillModel.swift */; };
		86EB935F2B5E84DD009787C6 /* BillBrainModel.swift in Sources */ = {isa = PBXBuildFile; fileRef = 86EB935E2B5E84DD009787C6 /* BillBrainModel.swift */; };
/* End PBXBuildFile section */

/* Begin PBXFileReference section */
		864666F82B5E609E0079C474 /* Tipsy-App.app */ = {isa = PBXFileReference; explicitFileType = wrapper.application; includeInIndex = 0; path = "Tipsy-App.app"; sourceTree = BUILT_PRODUCTS_DIR; };
		864666FB2B5E609E0079C474 /* AppDelegate.swift */ = {isa = PBXFileReference; lastKnownFileType = sourcecode.swift; path = AppDelegate.swift; sourceTree = "<group>"; };
		864666FD2B5E609E0079C474 /* SceneDelegate.swift */ = {isa = PBXFileReference; lastKnownFileType = sourcecode.swift; path = SceneDelegate.swift; sourceTree = "<group>"; };
		864666FF2B5E609E0079C474 /* CalculateViewController.swift */ = {isa = PBXFileReference; lastKnownFileType = sourcecode.swift; path = CalculateViewController.swift; sourceTree = "<group>"; };
		864667022B5E609E0079C474 /* Base */ = {isa = PBXFileReference; lastKnownFileType = file.storyboard; name = Base; path = Base.lproj/Main.storyboard; sourceTree = "<group>"; };
		864667042B5E60A10079C474 /* Assets.xcassets */ = {isa = PBXFileReference; lastKnownFileType = folder.assetcatalog; path = Assets.xcassets; sourceTree = "<group>"; };
		864667072B5E60A10079C474 /* Base */ = {isa = PBXFileReference; lastKnownFileType = file.storyboard; name = Base; path = Base.lproj/LaunchScreen.storyboard; sourceTree = "<group>"; };
		864667092B5E60A10079C474 /* Info.plist */ = {isa = PBXFileReference; lastKnownFileType = text.plist.xml; path = Info.plist; sourceTree = "<group>"; };
		86EB935A2B5E710A009787C6 /* ResultViewController.swift */ = {isa = PBXFileReference; lastKnownFileType = sourcecode.swift; path = ResultViewController.swift; sourceTree = "<group>"; };
		86EB935C2B5E8380009787C6 /* BillModel.swift */ = {isa = PBXFileReference; lastKnownFileType = sourcecode.swift; name = BillModel.swift; path = ../../../../../../Downloads/BillModel.swift; sourceTree = "<group>"; };
		86EB935E2B5E84DD009787C6 /* BillBrainModel.swift */ = {isa = PBXFileReference; lastKnownFileType = sourcecode.swift; path = BillBrainModel.swift; sourceTree = "<group>"; };
/* End PBXFileReference section */

/* Begin PBXFrameworksBuildPhase section */
		864666F52B5E609E0079C474 /* Frameworks */ = {
			isa = PBXFrameworksBuildPhase;
			buildActionMask = 2147483647;
			files = (
			);
			runOnlyForDeploymentPostprocessing = 0;
		};
/* End PBXFrameworksBuildPhase section */

/* Begin PBXGroup section */
		864666EF2B5E609E0079C474 = {
			isa = PBXGroup;
			children = (
				864666FA2B5E609E0079C474 /* Tipsy-App */,
				864666F92B5E609E0079C474 /* Products */,
			);
			sourceTree = "<group>";
		};
		864666F92B5E609E0079C474 /* Products */ = {
			isa = PBXGroup;
			children = (
				864666F82B5E609E0079C474 /* Tipsy-App.app */,
			);
			name = Products;
			sourceTree = "<group>";
		};
		864666FA2B5E609E0079C474 /* Tipsy-App */ = {
			isa = PBXGroup;
			children = (
				864667112B5E61E40079C474 /* Model */,
				8646670F2B5E61C70079C474 /* View */,
				864667102B5E61D40079C474 /* Controller */,
				864666FB2B5E609E0079C474 /* AppDelegate.swift */,
				864666FD2B5E609E0079C474 /* SceneDelegate.swift */,
				864667042B5E60A10079C474 /* Assets.xcassets */,
				864667092B5E60A10079C474 /* Info.plist */,
			);
			path = "Tipsy-App";
			sourceTree = "<group>";
		};
		8646670F2B5E61C70079C474 /* View */ = {
			isa = PBXGroup;
			children = (
				864667012B5E609E0079C474 /* Main.storyboard */,
				864667062B5E60A10079C474 /* LaunchScreen.storyboard */,
			);
			path = View;
			sourceTree = "<group>";
		};
		864667102B5E61D40079C474 /* Controller */ = {
			isa = PBXGroup;
			children = (
				86EB935A2B5E710A009787C6 /* ResultViewController.swift */,
				864666FF2B5E609E0079C474 /* CalculateViewController.swift */,
			);
			path = Controller;
			sourceTree = "<group>";
		};
		864667112B5E61E40079C474 /* Model */ = {
			isa = PBXGroup;
			children = (
				86EB935C2B5E8380009787C6 /* BillModel.swift */,
				86EB935E2B5E84DD009787C6 /* BillBrainModel.swift */,
			);
			path = Model;
			sourceTree = "<group>";
		};
/* End PBXGroup section */

/* Begin PBXNativeTarget section */
		864666F72B5E609E0079C474 /* Tipsy-App */ = {
			isa = PBXNativeTarget;
			buildConfigurationList = 8646670C2B5E60A10079C474 /* Build configuration list for PBXNativeTarget "Tipsy-App" */;
			buildPhases = (
				864666F42B5E609E0079C474 /* Sources */,
				864666F52B5E609E0079C474 /* Frameworks */,
				864666F62B5E609E0079C474 /* Resources */,
			);
			buildRules = (
			);
			dependencies = (
			);
			name = "Tipsy-App";
			productName = "Tipsy-App";
			productReference = 864666F82B5E609E0079C474 /* Tipsy-App.app */;
			productType = "com.apple.product-type.application";
		};
/* End PBXNativeTarget section */

/* Begin PBXProject section */
		864666F02B5E609E0079C474 /* Project object */ = {
			isa = PBXProject;
			attributes = {
				BuildIndependentTargetsInParallel = 1;
				LastSwiftUpdateCheck = 1500;
				LastUpgradeCheck = 1500;
				TargetAttributes = {
					864666F72B5E609E0079C474 = {
						CreatedOnToolsVersion = 15.0;
					};
				};
			};
			buildConfigurationList = 864666F32B5E609E0079C474 /* Build configuration list for PBXProject "Tipsy-App" */;
			compatibilityVersion = "Xcode 14.0";
			developmentRegion = en;
			hasScannedForEncodings = 0;
			knownRegions = (
				en,
				Base,
			);
			mainGroup = 864666EF2B5E609E0079C474;
			productRefGroup = 864666F92B5E609E0079C474 /* Products */;
			projectDirPath = "";
			projectRoot = "";
			targets = (
				864666F72B5E609E0079C474 /* Tipsy-App */,
			);
		};
/* End PBXProject section */

/* Begin PBXResourcesBuildPhase section */
		864666F62B5E609E0079C474 /* Resources */ = {
			isa = PBXResourcesBuildPhase;
			buildActionMask = 2147483647;
			files = (
				864667082B5E60A10079C474 /* LaunchScreen.storyboard in Resources */,
				864667052B5E60A10079C474 /* Assets.xcassets in Resources */,
				864667032B5E609E0079C474 /* Main.storyboard in Resources */,
			);
			runOnlyForDeploymentPostprocessing = 0;
		};
/* End PBXResourcesBuildPhase section */

/* Begin PBXSourcesBuildPhase section */
		864666F42B5E609E0079C474 /* Sources */ = {
			isa = PBXSourcesBuildPhase;
			buildActionMask = 2147483647;
			files = (
				864667002B5E609E0079C474 /* CalculateViewController.swift in Sources */,
				86EB935F2B5E84DD009787C6 /* BillBrainModel.swift in Sources */,
				864666FC2B5E609E0079C474 /* AppDelegate.swift in Sources */,
				86EB935D2B5E8380009787C6 /* BillModel.swift in Sources */,
				864666FE2B5E609E0079C474 /* SceneDelegate.swift in Sources */,
				86EB935B2B5E710A009787C6 /* ResultViewController.swift in Sources */,
			);
			runOnlyForDeploymentPostprocessing = 0;
		};
/* End PBXSourcesBuildPhase section */

/* Begin PBXVariantGroup section */
		864667012B5E609E0079C474 /* Main.storyboard */ = {
			isa = PBXVariantGroup;
			children = (
				864667022B5E609E0079C474 /* Base */,
			);
			name = Main.storyboard;
			sourceTree = "<group>";
		};
		864667062B5E60A10079C474 /* LaunchScreen.storyboard */ = {
			isa = PBXVariantGroup;
			children = (
				864667072B5E60A10079C474 /* Base */,
			);
			name = LaunchScreen.storyboard;
			sourceTree = "<group>";
		};
/* End PBXVariantGroup section */

/* Begin XCBuildConfiguration section */
		8646670A2B5E60A10079C474 /* Debug */ = {
			isa = XCBuildConfiguration;
			buildSettings = {
				ALWAYS_SEARCH_USER_PATHS = NO;
				ASSETCATALOG_COMPILER_GENERATE_SWIFT_ASSET_SYMBOL_EXTENSIONS = YES;
				CLANG_ANALYZER_NONNULL = YES;
				CLANG_ANALYZER_NUMBER_OBJECT_CONVERSION = YES_AGGRESSIVE;
				CLANG_CXX_LANGUAGE_STANDARD = "gnu++20";
				CLANG_ENABLE_MODULES = YES;
				CLANG_ENABLE_OBJC_ARC = YES;
				CLANG_ENABLE_OBJC_WEAK = YES;
				CLANG_WARN_BLOCK_CAPTURE_AUTORELEASING = YES;
				CLANG_WARN_BOOL_CONVERSION = YES;
				CLANG_WARN_COMMA = YES;
				CLANG_WARN_CONSTANT_CONVERSION = YES;
				CLANG_WARN_DEPRECATED_OBJC_IMPLEMENTATIONS = YES;
				CLANG_WARN_DIRECT_OBJC_ISA_USAGE = YES_ERROR;
				CLANG_WARN_DOCUMENTATION_COMMENTS = YES;
				CLANG_WARN_EMPTY_BODY = YES;
				CLANG_WARN_ENUM_CONVERSION = YES;
				CLANG_WARN_INFINITE_RECURSION = YES;
				CLANG_WARN_INT_CONVERSION = YES;
				CLANG_WARN_NON_LITERAL_NULL_CONVERSION = YES;
				CLANG_WARN_OBJC_IMPLICIT_RETAIN_SELF = YES;
				CLANG_WARN_OBJC_LITERAL_CONVERSION = YES;
				CLANG_WARN_OBJC_ROOT_CLASS = YES_ERROR;
				CLANG_WARN_QUOTED_INCLUDE_IN_FRAMEWORK_HEADER = YES;
				CLANG_WARN_RANGE_LOOP_ANALYSIS = YES;
				CLANG_WARN_STRICT_PROTOTYPES = YES;
				CLANG_WARN_SUSPICIOUS_MOVE = YES;
				CLANG_WARN_UNGUARDED_AVAILABILITY = YES_AGGRESSIVE;
				CLANG_WARN_UNREACHABLE_CODE = YES;
				CLANG_WARN__DUPLICATE_METHOD_MATCH = YES;
				COPY_PHASE_STRIP = NO;
				DEBUG_INFORMATION_FORMAT = dwarf;
				ENABLE_STRICT_OBJC_MSGSEND = YES;
				ENABLE_TESTABILITY = YES;
				ENABLE_USER_SCRIPT_SANDBOXING = YES;
				GCC_C_LANGUAGE_STANDARD = gnu17;
				GCC_DYNAMIC_NO_PIC = NO;
				GCC_NO_COMMON_BLOCKS = YES;
				GCC_OPTIMIZATION_LEVEL = 0;
				GCC_PREPROCESSOR_DEFINITIONS = (
					"DEBUG=1",
					"$(inherited)",
				);
				GCC_WARN_64_TO_32_BIT_CONVERSION = YES;
				GCC_WARN_ABOUT_RETURN_TYPE = YES_ERROR;
				GCC_WARN_UNDECLARED_SELECTOR = YES;
				GCC_WARN_UNINITIALIZED_AUTOS = YES_AGGRESSIVE;
				GCC_WARN_UNUSED_FUNCTION = YES;
				GCC_WARN_UNUSED_VARIABLE = YES;
				IPHONEOS_DEPLOYMENT_TARGET = 17.0;
				LOCALIZATION_PREFERS_STRING_CATALOGS = YES;
				MTL_ENABLE_DEBUG_INFO = INCLUDE_SOURCE;
				MTL_FAST_MATH = YES;
				ONLY_ACTIVE_ARCH = YES;
				SDKROOT = iphoneos;
				SWIFT_ACTIVE_COMPILATION_CONDITIONS = "DEBUG $(inherited)";
				SWIFT_OPTIMIZATION_LEVEL = "-Onone";
			};
			name = Debug;
		};
		8646670B2B5E60A10079C474 /* Release */ = {
			isa = XCBuildConfiguration;
			buildSettings = {
				ALWAYS_SEARCH_USER_PATHS = NO;
				ASSETCATALOG_COMPILER_GENERATE_SWIFT_ASSET_SYMBOL_EXTENSIONS = YES;
				CLANG_ANALYZER_NONNULL = YES;
				CLANG_ANALYZER_NUMBER_OBJECT_CONVERSION = YES_AGGRESSIVE;
				CLANG_CXX_LANGUAGE_STANDARD = "gnu++20";
				CLANG_ENABLE_MODULES = YES;
				CLANG_ENABLE_OBJC_ARC = YES;
				CLANG_ENABLE_OBJC_WEAK = YES;
				CLANG_WARN_BLOCK_CAPTURE_AUTORELEASING = YES;
				CLANG_WARN_BOOL_CONVERSION = YES;
				CLANG_WARN_COMMA = YES;
				CLANG_WARN_CONSTANT_CONVERSION = YES;
				CLANG_WARN_DEPRECATED_OBJC_IMPLEMENTATIONS = YES;
				CLANG_WARN_DIRECT_OBJC_ISA_USAGE = YES_ERROR;
				CLANG_WARN_DOCUMENTATION_COMMENTS = YES;
				CLANG_WARN_EMPTY_BODY = YES;
				CLANG_WARN_ENUM_CONVERSION = YES;
				CLANG_WARN_INFINITE_RECURSION = YES;
				CLANG_WARN_INT_CONVERSION = YES;
				CLANG_WARN_NON_LITERAL_NULL_CONVERSION = YES;
				CLANG_WARN_OBJC_IMPLICIT_RETAIN_SELF = YES;
				CLANG_WARN_OBJC_LITERAL_CONVERSION = YES;
				CLANG_WARN_OBJC_ROOT_CLASS = YES_ERROR;
				CLANG_WARN_QUOTED_INCLUDE_IN_FRAMEWORK_HEADER = YES;
				CLANG_WARN_RANGE_LOOP_ANALYSIS = YES;
				CLANG_WARN_STRICT_PROTOTYPES = YES;
				CLANG_WARN_SUSPICIOUS_MOVE = YES;
				CLANG_WARN_UNGUARDED_AVAILABILITY = YES_AGGRESSIVE;
				CLANG_WARN_UNREACHABLE_CODE = YES;
				CLANG_WARN__DUPLICATE_METHOD_MATCH = YES;
				COPY_PHASE_STRIP = NO;
				DEBUG_INFORMATION_FORMAT = "dwarf-with-dsym";
				ENABLE_NS_ASSERTIONS = NO;
				ENABLE_STRICT_OBJC_MSGSEND = YES;
				ENABLE_USER_SCRIPT_SANDBOXING = YES;
				GCC_C_LANGUAGE_STANDARD = gnu17;
				GCC_NO_COMMON_BLOCKS = YES;
				GCC_WARN_64_TO_32_BIT_CONVERSION = YES;
				GCC_WARN_ABOUT_RETURN_TYPE = YES_ERROR;
				GCC_WARN_UNDECLARED_SELECTOR = YES;
				GCC_WARN_UNINITIALIZED_AUTOS = YES_AGGRESSIVE;
				GCC_WARN_UNUSED_FUNCTION = YES;
				GCC_WARN_UNUSED_VARIABLE = YES;
				IPHONEOS_DEPLOYMENT_TARGET = 17.0;
				LOCALIZATION_PREFERS_STRING_CATALOGS = YES;
				MTL_ENABLE_DEBUG_INFO = NO;
				MTL_FAST_MATH = YES;
				SDKROOT = iphoneos;
				SWIFT_COMPILATION_MODE = wholemodule;
				VALIDATE_PRODUCT = YES;
			};
			name = Release;
		};
		8646670D2B5E60A10079C474 /* Debug */ = {
			isa = XCBuildConfiguration;
			buildSettings = {
				ASSETCATALOG_COMPILER_APPICON_NAME = AppIcon;
				ASSETCATALOG_COMPILER_GLOBAL_ACCENT_COLOR_NAME = AccentColor;
				CODE_SIGN_STYLE = Automatic;
				CURRENT_PROJECT_VERSION = 1;
				DEVELOPMENT_TEAM = NFTB3H74LP;
				GENERATE_INFOPLIST_FILE = YES;
				INFOPLIST_FILE = "Tipsy-App/Info.plist";
				INFOPLIST_KEY_UIApplicationSupportsIndirectInputEvents = YES;
				INFOPLIST_KEY_UILaunchStoryboardName = LaunchScreen;
				INFOPLIST_KEY_UIMainStoryboardFile = Main;
				INFOPLIST_KEY_UISupportedInterfaceOrientations_iPad = "UIInterfaceOrientationPortrait UIInterfaceOrientationPortraitUpsideDown UIInterfaceOrientationLandscapeLeft UIInterfaceOrientationLandscapeRight";
				INFOPLIST_KEY_UISupportedInterfaceOrientations_iPhone = "UIInterfaceOrientationPortrait UIInterfaceOrientationLandscapeLeft UIInterfaceOrientationLandscapeRight";
				IPHONEOS_DEPLOYMENT_TARGET = 13.0;
				LD_RUNPATH_SEARCH_PATHS = (
					"$(inherited)",
					"@executable_path/Frameworks",
				);
				MARKETING_VERSION = 1.0;
				PRODUCT_BUNDLE_IDENTIFIER = "yeze.apps.Tipsy-App";
				PRODUCT_NAME = "$(TARGET_NAME)";
				SUPPORTED_PLATFORMS = "iphoneos iphonesimulator";
				SUPPORTS_MACCATALYST = NO;
				SUPPORTS_MAC_DESIGNED_FOR_IPHONE_IPAD = NO;
				SWIFT_EMIT_LOC_STRINGS = YES;
				SWIFT_VERSION = 5.0;
				TARGETED_DEVICE_FAMILY = 1;
			};
			name = Debug;
		};
		8646670E2B5E60A10079C474 /* Release */ = {
			isa = XCBuildConfiguration;
			buildSettings = {
				ASSETCATALOG_COMPILER_APPICON_NAME = AppIcon;
				ASSETCATALOG_COMPILER_GLOBAL_ACCENT_COLOR_NAME = AccentColor;
				CODE_SIGN_STYLE = Automatic;
				CURRENT_PROJECT_VERSION = 1;
				DEVELOPMENT_TEAM = NFTB3H74LP;
				GENERATE_INFOPLIST_FILE = YES;
				INFOPLIST_FILE = "Tipsy-App/Info.plist";
				INFOPLIST_KEY_UIApplicationSupportsIndirectInputEvents = YES;
				INFOPLIST_KEY_UILaunchStoryboardName = LaunchScreen;
				INFOPLIST_KEY_UIMainStoryboardFile = Main;
				INFOPLIST_KEY_UISupportedInterfaceOrientations_iPad = "UIInterfaceOrientationPortrait UIInterfaceOrientationPortraitUpsideDown UIInterfaceOrientationLandscapeLeft UIInterfaceOrientationLandscapeRight";
				INFOPLIST_KEY_UISupportedInterfaceOrientations_iPhone = "UIInterfaceOrientationPortrait UIInterfaceOrientationLandscapeLeft UIInterfaceOrientationLandscapeRight";
				IPHONEOS_DEPLOYMENT_TARGET = 13.0;
				LD_RUNPATH_SEARCH_PATHS = (
					"$(inherited)",
					"@executable_path/Frameworks",
				);
				MARKETING_VERSION = 1.0;
				PRODUCT_BUNDLE_IDENTIFIER = "yeze.apps.Tipsy-App";
				PRODUCT_NAME = "$(TARGET_NAME)";
				SUPPORTED_PLATFORMS = "iphoneos iphonesimulator";
				SUPPORTS_MACCATALYST = NO;
				SUPPORTS_MAC_DESIGNED_FOR_IPHONE_IPAD = NO;
				SWIFT_EMIT_LOC_STRINGS = YES;
				SWIFT_VERSION = 5.0;
				TARGETED_DEVICE_FAMILY = 1;
			};
			name = Release;
		};
/* End XCBuildConfiguration section */

/* Begin XCConfigurationList section */
		864666F32B5E609E0079C474 /* Build configuration list for PBXProject "Tipsy-App" */ = {
			isa = XCConfigurationList;
			buildConfigurations = (
				8646670A2B5E60A10079C474 /* Debug */,
				8646670B2B5E60A10079C474 /* Release */,
			);
			defaultConfigurationIsVisible = 0;
			defaultConfigurationName = Release;
		};
		8646670C2B5E60A10079C474 /* Build configuration list for PBXNativeTarget "Tipsy-App" */ = {
			isa = XCConfigurationList;
			buildConfigurations = (
				8646670D2B5E60A10079C474 /* Debug */,
				8646670E2B5E60A10079C474 /* Release */,
			);
			defaultConfigurationIsVisible = 0;
			defaultConfigurationName = Release;
		};
/* End XCConfigurationList section */
	};
	rootObject = 864666F02B5E609E0079C474 /* Project object */;
}
